
Microsoft Visual Studio Solution File, Format Version 12.00
# Visual Studio Version 16
VisualStudioVersion = 16.0.30104.148
MinimumVisualStudioVersion = 10.0.40219.1
Project("{FAE04EC0-301F-11D3-BF4B-00C04F79EFBC}") = "MoneyMaker", "MoneyMaker.csproj", "{0D9622BE-765B-4561-8D46-D4B341201E83}"
EndProject
Global
	GlobalSection(SolutionConfigurationPlatforms) = preSolution
		Debug|Any CPU = Debug|Any CPU
		Release|Any CPU = Release|Any CPU
	EndGlobalSection
	GlobalSection(ProjectConfigurationPlatforms) = postSolution
		{0D9622BE-765B-4561-8D46-D4B341201E83}.Debug|Any CPU.ActiveCfg = Debug|Any CPU
		{0D9622BE-765B-4561-8D46-D4B341201E83}.Debug|Any CPU.Build.0 = Debug|Any CPU
		{0D9622BE-765B-4561-8D46-D4B341201E83}.Release|Any CPU.ActiveCfg = Release|Any CPU
		{0D9622BE-765B-4561-8D46-D4B341201E83}.Release|Any CPU.Build.0 = Release|Any CPU
	EndGlobalSection
	GlobalSection(SolutionProperties) = preSolution
		HideSolutionNode = FALSE
	EndGlobalSection
	GlobalSection(ExtensibilityGlobals) = postSolution
		SolutionGuid = {AB19A299-9118-46A2-B102-FC8E3EF69A87}
	EndGlobalSection
EndGlobal
